
Microsoft Visual Studio Solution File, Format Version 12.00
# Visual Studio Version 17
VisualStudioVersion = 17.14.36811.4 d17.14
MinimumVisualStudioVersion = 10.0.40219.1
Project("{FAE04EC0-301F-11D3-BF4B-00C04F79EFBC}") = "vvalentine", "vvalentine\vvalentine.csproj", "{424DE2A2-C52B-4F74-A9AE-555F441D6E02}"
EndProject
Global
	GlobalSection(SolutionConfigurationPlatforms) = preSolution
		Debug|Any CPU = Debug|Any CPU
		Release|Any CPU = Release|Any CPU
	EndGlobalSection
	GlobalSection(ProjectConfigurationPlatforms) = postSolution
		{424DE2A2-C52B-4F74-A9AE-555F441D6E02}.Debug|Any CPU.ActiveCfg = Debug|Any CPU
		{424DE2A2-C52B-4F74-A9AE-555F441D6E02}.Debug|Any CPU.Build.0 = Debug|Any CPU
		{424DE2A2-C52B-4F74-A9AE-555F441D6E02}.Release|Any CPU.ActiveCfg = Release|Any CPU
		{424DE2A2-C52B-4F74-A9AE-555F441D6E02}.Release|Any CPU.Build.0 = Release|Any CPU
	EndGlobalSection
	GlobalSection(SolutionProperties) = preSolution
		HideSolutionNode = FALSE
	EndGlobalSection
	GlobalSection(ExtensibilityGlobals) = postSolution
		SolutionGuid = {39F11D5E-67E9-49E5-B606-04150E1235D8}
	EndGlobalSection
EndGlobal
